
Microsoft Visual Studio Solution File, Format Version 12.00
# Visual Studio 15
VisualStudioVersion = 15.0.27004.2002
MinimumVisualStudioVersion = 10.0.40219.1
Project("{FAE04EC0-301F-11D3-BF4B-00C04F79EFBC}") = "TtClientApplication", "TtClientApplication\TtClientApplication.csproj", "{D7A43C04-E6FA-446B-A9EA-4BC9C68F67FF}"
EndProject
Global
	GlobalSection(SolutionConfigurationPlatforms) = preSolution
		Debug|Any CPU = Debug|Any CPU
		Release|Any CPU = Release|Any CPU
	EndGlobalSection
	GlobalSection(ProjectConfigurationPlatforms) = postSolution
		{D7A43C04-E6FA-446B-A9EA-4BC9C68F67FF}.Debug|Any CPU.ActiveCfg = Debug|Any CPU
		{D7A43C04-E6FA-446B-A9EA-4BC9C68F67FF}.Debug|Any CPU.Build.0 = Debug|Any CPU
		{D7A43C04-E6FA-446B-A9EA-4BC9C68F67FF}.Release|Any CPU.ActiveCfg = Release|Any CPU
		{D7A43C04-E6FA-446B-A9EA-4BC9C68F67FF}.Release|Any CPU.Build.0 = Release|Any CPU
	EndGlobalSection
	GlobalSection(SolutionProperties) = preSolution
		HideSolutionNode = FALSE
	EndGlobalSection
	GlobalSection(ExtensibilityGlobals) = postSolution
		SolutionGuid = {B8529DD5-F5AA-4055-B9BC-C3A0DDE83F0C}
	EndGlobalSection
EndGlobal
